
Microsoft Visual Studio Solution File, Format Version 12.00
# Visual Studio Version 16
VisualStudioVersion = 16.0.31424.327
MinimumVisualStudioVersion = 10.0.40219.1
Project("{FAE04EC0-301F-11D3-BF4B-00C04F79EFBC}") = "TimeTask", "TimeTask.csproj", "{53371C9A-7D20-49DF-AC76-9479964DB5BB}"
EndProject
Global
	GlobalSection(SolutionConfigurationPlatforms) = preSolution
		Debug|Any CPU = Debug|Any CPU
		Release|Any CPU = Release|Any CPU
	EndGlobalSection
	GlobalSection(ProjectConfigurationPlatforms) = postSolution
		{53371C9A-7D20-49DF-AC76-9479964DB5BB}.Debug|Any CPU.ActiveCfg = Debug|Any CPU
		{53371C9A-7D20-49DF-AC76-9479964DB5BB}.Debug|Any CPU.Build.0 = Debug|Any CPU
		{53371C9A-7D20-49DF-AC76-9479964DB5BB}.Release|Any CPU.ActiveCfg = Release|Any CPU
		{53371C9A-7D20-49DF-AC76-9479964DB5BB}.Release|Any CPU.Build.0 = Release|Any CPU
	EndGlobalSection
	GlobalSection(SolutionProperties) = preSolution
		HideSolutionNode = FALSE
	EndGlobalSection
	GlobalSection(ExtensibilityGlobals) = postSolution
		SolutionGuid = {D3032572-BBA4-452F-88A7-C8E909062D5C}
	EndGlobalSection
EndGlobal
